
Microsoft Visual Studio Solution File, Format Version 12.00
# Visual Studio 15
VisualStudioVersion = 15.0.28307.779
MinimumVisualStudioVersion = 10.0.40219.1
Project("{FAE04EC0-301F-11D3-BF4B-00C04F79EFBC}") = "cinema", "cinema\cinema.csproj", "{1ED0A5DB-AE42-4FF5-8424-9F5996585488}"
EndProject
Global
	GlobalSection(SolutionConfigurationPlatforms) = preSolution
		Debug|Any CPU = Debug|Any CPU
		Release|Any CPU = Release|Any CPU
	EndGlobalSection
	GlobalSection(ProjectConfigurationPlatforms) = postSolution
		{1ED0A5DB-AE42-4FF5-8424-9F5996585488}.Debug|Any CPU.ActiveCfg = Debug|Any CPU
		{1ED0A5DB-AE42-4FF5-8424-9F5996585488}.Debug|Any CPU.Build.0 = Debug|Any CPU
		{1ED0A5DB-AE42-4FF5-8424-9F5996585488}.Release|Any CPU.ActiveCfg = Release|Any CPU
		{1ED0A5DB-AE42-4FF5-8424-9F5996585488}.Release|Any CPU.Build.0 = Release|Any CPU
	EndGlobalSection
	GlobalSection(SolutionProperties) = preSolution
		HideSolutionNode = FALSE
	EndGlobalSection
	GlobalSection(ExtensibilityGlobals) = postSolution
		SolutionGuid = {B4734DEC-8C80-48B5-852F-BCF4AC1E587C}
	EndGlobalSection
EndGlobal
